Microsoft Visual Studio Solution File, Format Version 12.00
# Visual Studio Version 17
VisualStudioVersion = 17.14.36408.4
MinimumVisualStudioVersion = 10.0.40219.1
Project("{FAE04EC0-301F-11D3-BF4B-00C04F79EFBC}") = "Assignment1", "Assignment1\Assignment1.csproj", "{BE524526-1B65-A811-FA03-103EF66D958C}"
EndProject
Project("{FAE04EC0-301F-11D3-BF4B-00C04F79EFBC}") = "Assignment2", "Assignment2\Assignment2.csproj", "{D42865DB-6213-4DDD-8BE8-DB2817B2B118}"
EndProject
Project("{FAE04EC0-301F-11D3-BF4B-00C04F79EFBC}") = "Assignment3", "Assignment3\Assignment3.csproj", "{6F34405A-30D1-46D4-AF93-24871F8E68AE}"
EndProject
Project("{FAE04EC0-301F-11D3-BF4B-00C04F79EFBC}") = "Assignment4", "Assignment4\Assignment4.csproj", "{2C1DDA52-5D10-4CF5-BB71-AB1098E8D203}"
EndProject
Project("{FAE04EC0-301F-11D3-BF4B-00C04F79EFBC}") = "Assignment5", "Assignment5\Assignment5.csproj", "{AA0581BB-2D8B-4D56-BBAC-A4155A4D9B21}"
EndProject
Project("{FAE04EC0-301F-11D3-BF4B-00C04F79EFBC}") = "Assignment5Project", "Assignment5Project\Assignment5Project.csproj", "{714BEC1D-213B-4C42-B27E-9C8F1FFA6580}"
EndProject
Project("{FAE04EC0-301F-11D3-BF4B-00C04F79EFBC}") = "Assignment6", "Assignment6\Assignment6.csproj", "{987DC5DB-D7A8-4F70-94CF-2D31C845BC69}"
EndProject
Project("{FAE04EC0-301F-11D3-BF4B-00C04F79EFBC}") = "Assignment7", "Assignment7\Assignment7.csproj", "{517BB020-4056-4B1C-A7D4-E749113BFCBB}"
EndProject
Project("{FAE04EC0-301F-11D3-BF4B-00C04F79EFBC}") = "Assignment8", "Assignment8\Assignment8.csproj", "{9EF0E2D2-3523-4C93-95EE-D9CDC4AB87E8}"
EndProject
Project("{FAE04EC0-301F-11D3-BF4B-00C04F79EFBC}") = "Assignment9", "Assignment9\Assignment9.csproj", "{F8CFF3D6-CEDF-4F7B-8E5C-0B1651B677BC}"
EndProject
Project("{FAE04EC0-301F-11D3-BF4B-00C04F79EFBC}") = "Assignment10", "Assignment10\Assignment10.csproj", "{90E414BF-DAF6-4B5E-B5BF-91F4F3480C85}"
EndProject
Project("{FAE04EC0-301F-11D3-BF4B-00C04F79EFBC}") = "Assignment11", "Assignment11\Assignment11.csproj", "{2A07CB98-B9AF-4195-93E9-723CEA08B51C}"
EndProject
Project("{FAE04EC0-301F-11D3-BF4B-00C04F79EFBC}") = "Assignment12", "Assignment12\Assignment12.csproj", "{BF77C38D-E983-4D97-B17F-9A2C8259CF87}"
EndProject
Project("{FAE04EC0-301F-11D3-BF4B-00C04F79EFBC}") = "Assignment13", "Assignment13\Assignment13.csproj", "{0E32571A-24A3-4B68-BF3C-C73C8BEBA537}"
EndProject
Project("{FAE04EC0-301F-11D3-BF4B-00C04F79EFBC}") = "InterfaceImplementation", "InterfaceImplementation\InterfaceImplementation.csproj", "{072D1D6C-A00D-4169-940B-C01B9E3FF80A}"
EndProject
Project("{FAE04EC0-301F-11D3-BF4B-00C04F79EFBC}") = "Assignment14", "Assignment14\Assignment14.csproj", "{039F596A-D971-41E4-8E1B-FD7FE726F474}"
EndProject
Global
	GlobalSection(SolutionConfigurationPlatforms) = preSolution
		Debug|Any CPU = Debug|Any CPU
		Release|Any CPU = Release|Any CPU
	EndGlobalSection
	GlobalSection(ProjectConfigurationPlatforms) = postSolution
		{BE524526-1B65-A811-FA03-103EF66D958C}.Debug|Any CPU.ActiveCfg = Debug|Any CPU
		{BE524526-1B65-A811-FA03-103EF66D958C}.Debug|Any CPU.Build.0 = Debug|Any CPU
		{BE524526-1B65-A811-FA03-103EF66D958C}.Release|Any CPU.ActiveCfg = Release|Any CPU
		{BE524526-1B65-A811-FA03-103EF66D958C}.Release|Any CPU.Build.0 = Release|Any CPU
		{D42865DB-6213-4DDD-8BE8-DB2817B2B118}.Debug|Any CPU.ActiveCfg = Debug|Any CPU
		{D42865DB-6213-4DDD-8BE8-DB2817B2B118}.Debug|Any CPU.Build.0 = Debug|Any CPU
		{D42865DB-6213-4DDD-8BE8-DB2817B2B118}.Release|Any CPU.ActiveCfg = Release|Any CPU
		{D42865DB-6213-4DDD-8BE8-DB2817B2B118}.Release|Any CPU.Build.0 = Release|Any CPU
		{6F34405A-30D1-46D4-AF93-24871F8E68AE}.Debug|Any CPU.ActiveCfg = Debug|Any CPU
		{6F34405A-30D1-46D4-AF93-24871F8E68AE}.Debug|Any CPU.Build.0 = Debug|Any CPU
		{6F34405A-30D1-46D4-AF93-24871F8E68AE}.Release|Any CPU.ActiveCfg = Release|Any CPU
		{6F34405A-30D1-46D4-AF93-24871F8E68AE}.Release|Any CPU.Build.0 = Release|Any CPU
		{2C1DDA52-5D10-4CF5-BB71-AB1098E8D203}.Debug|Any CPU.ActiveCfg = Debug|Any CPU
		{2C1DDA52-5D10-4CF5-BB71-AB1098E8D203}.Debug|Any CPU.Build.0 = Debug|Any CPU
		{2C1DDA52-5D10-4CF5-BB71-AB1098E8D203}.Release|Any CPU.ActiveCfg = Release|Any CPU
		{2C1DDA52-5D10-4CF5-BB71-AB1098E8D203}.Release|Any CPU.Build.0 = Release|Any CPU
		{AA0581BB-2D8B-4D56-BBAC-A4155A4D9B21}.Debug|Any CPU.ActiveCfg = Debug|Any CPU
		{AA0581BB-2D8B-4D56-BBAC-A4155A4D9B21}.Debug|Any CPU.Build.0 = Debug|Any CPU
		{AA0581BB-2D8B-4D56-BBAC-A4155A4D9B21}.Release|Any CPU.ActiveCfg = Release|Any CPU
		{AA0581BB-2D8B-4D56-BBAC-A4155A4D9B21}.Release|Any CPU.Build.0 = Release|Any CPU
		{714BEC1D-213B-4C42-B27E-9C8F1FFA6580}.Debug|Any CPU.ActiveCfg = Debug|Any CPU
		{714BEC1D-213B-4C42-B27E-9C8F1FFA6580}.Debug|Any CPU.Build.0 = Debug|Any CPU
		{714BEC1D-213B-4C42-B27E-9C8F1FFA6580}.Release|Any CPU.ActiveCfg = Release|Any CPU
		{714BEC1D-213B-4C42-B27E-9C8F1FFA6580}.Release|Any CPU.Build.0 = Release|Any CPU
		{987DC5DB-D7A8-4F70-94CF-2D31C845BC69}.Debug|Any CPU.ActiveCfg = Debug|Any CPU
		{987DC5DB-D7A8-4F70-94CF-2D31C845BC69}.Debug|Any CPU.Build.0 = Debug|Any CPU
		{987DC5DB-D7A8-4F70-94CF-2D31C845BC69}.Release|Any CPU.ActiveCfg = Release|Any CPU
		{987DC5DB-D7A8-4F70-94CF-2D31C845BC69}.Release|Any CPU.Build.0 = Release|Any CPU
		{517BB020-4056-4B1C-A7D4-E749113BFCBB}.Debug|Any CPU.ActiveCfg = Debug|Any CPU
		{517BB020-4056-4B1C-A7D4-E749113BFCBB}.Debug|Any CPU.Build.0 = Debug|Any CPU
		{517BB020-4056-4B1C-A7D4-E749113BFCBB}.Release|Any CPU.ActiveCfg = Release|Any CPU
		{517BB020-4056-4B1C-A7D4-E749113BFCBB}.Release|Any CPU.Build.0 = Release|Any CPU
		{9EF0E2D2-3523-4C93-95EE-D9CDC4AB87E8}.Debug|Any CPU.ActiveCfg = Debug|Any CPU
		{9EF0E2D2-3523-4C93-95EE-D9CDC4AB87E8}.Debug|Any CPU.Build.0 = Debug|Any CPU
		{9EF0E2D2-3523-4C93-95EE-D9CDC4AB87E8}.Release|Any CPU.ActiveCfg = Release|Any CPU
		{9EF0E2D2-3523-4C93-95EE-D9CDC4AB87E8}.Release|Any CPU.Build.0 = Release|Any CPU
		{F8CFF3D6-CEDF-4F7B-8E5C-0B1651B677BC}.Debug|Any CPU.ActiveCfg = Debug|Any CPU
		{F8CFF3D6-CEDF-4F7B-8E5C-0B1651B677BC}.Debug|Any CPU.Build.0 = Debug|Any CPU
		{F8CFF3D6-CEDF-4F7B-8E5C-0B1651B677BC}.Release|Any CPU.ActiveCfg = Release|Any CPU
		{F8CFF3D6-CEDF-4F7B-8E5C-0B1651B677BC}.Release|Any CPU.Build.0 = Release|Any CPU
		{90E414BF-DAF6-4B5E-B5BF-91F4F3480C85}.Debug|Any CPU.ActiveCfg = Debug|Any CPU
		{90E414BF-DAF6-4B5E-B5BF-91F4F3480C85}.Debug|Any CPU.Build.0 = Debug|Any CPU
		{90E414BF-DAF6-4B5E-B5BF-91F4F3480C85}.Release|Any CPU.ActiveCfg = Release|Any CPU
		{90E414BF-DAF6-4B5E-B5BF-91F4F3480C85}.Release|Any CPU.Build.0 = Release|Any CPU
		{2A07CB98-B9AF-4195-93E9-723CEA08B51C}.Debug|Any CPU.ActiveCfg = Debug|Any CPU
		{2A07CB98-B9AF-4195-93E9-723CEA08B51C}.Debug|Any CPU.Build.0 = Debug|Any CPU
		{2A07CB98-B9AF-4195-93E9-723CEA08B51C}.Release|Any CPU.ActiveCfg = Release|Any CPU
		{2A07CB98-B9AF-4195-93E9-723CEA08B51C}.Release|Any CPU.Build.0 = Release|Any CPU
		{BF77C38D-E983-4D97-B17F-9A2C8259CF87}.Debug|Any CPU.ActiveCfg = Debug|Any CPU
		{BF77C38D-E983-4D97-B17F-9A2C8259CF87}.Debug|Any CPU.Build.0 = Debug|Any CPU
		{BF77C38D-E983-4D97-B17F-9A2C8259CF87}.Release|Any CPU.ActiveCfg = Release|Any CPU
		{BF77C38D-E983-4D97-B17F-9A2C8259CF87}.Release|Any CPU.Build.0 = Release|Any CPU
		{0E32571A-24A3-4B68-BF3C-C73C8BEBA537}.Debug|Any CPU.ActiveCfg = Debug|Any CPU
		{0E32571A-24A3-4B68-BF3C-C73C8BEBA537}.Debug|Any CPU.Build.0 = Debug|Any CPU
		{0E32571A-24A3-4B68-BF3C-C73C8BEBA537}.Release|Any CPU.ActiveCfg = Release|Any CPU
		{0E32571A-24A3-4B68-BF3C-C73C8BEBA537}.Release|Any CPU.Build.0 = Release|Any CPU
		{072D1D6C-A00D-4169-940B-C01B9E3FF80A}.Debug|Any CPU.ActiveCfg = Debug|Any CPU
		{072D1D6C-A00D-4169-940B-C01B9E3FF80A}.Debug|Any CPU.Build.0 = Debug|Any CPU
		{072D1D6C-A00D-4169-940B-C01B9E3FF80A}.Release|Any CPU.ActiveCfg = Release|Any CPU
		{072D1D6C-A00D-4169-940B-C01B9E3FF80A}.Release|Any CPU.Build.0 = Release|Any CPU
		{039F596A-D971-41E4-8E1B-FD7FE726F474}.Debug|Any CPU.ActiveCfg = Debug|Any CPU
		{039F596A-D971-41E4-8E1B-FD7FE726F474}.Debug|Any CPU.Build.0 = Debug|Any CPU
		{039F596A-D971-41E4-8E1B-FD7FE726F474}.Release|Any CPU.ActiveCfg = Release|Any CPU
		{039F596A-D971-41E4-8E1B-FD7FE726F474}.Release|Any CPU.Build.0 = Release|Any CPU
	EndGlobalSection
	GlobalSection(SolutionProperties) = preSolution
		HideSolutionNode = FALSE
	EndGlobalSection
	GlobalSection(ExtensibilityGlobals) = postSolution
		SolutionGuid = {D6BE3890-C919-4EFD-A65F-823C20C584A2}
	EndGlobalSection
EndGlobal
