Microsoft Visual Studio Solution File, Format Version 12.00
# Visual Studio Version 17
VisualStudioVersion = 17.14.36408.4
MinimumVisualStudioVersion = 10.0.40219.1
Project("{FAE04EC0-301F-11D3-BF4B-00C04F79EFBC}") = "Assignment1", "Assignment1\Assignment1.csproj", "{BE524526-1B65-A811-FA03-103EF66D958C}"
EndProject
Project("{FAE04EC0-301F-11D3-BF4B-00C04F79EFBC}") = "Assignment2", "Assignment2\Assignment2\Assignment2.csproj", "{FABE318F-BA5F-45D6-AAB6-131C4238C682}"
EndProject
Global
	GlobalSection(SolutionConfigurationPlatforms) = preSolution
		Debug|Any CPU = Debug|Any CPU
		Release|Any CPU = Release|Any CPU
	EndGlobalSection
	GlobalSection(ProjectConfigurationPlatforms) = postSolution
		{BE524526-1B65-A811-FA03-103EF66D958C}.Debug|Any CPU.ActiveCfg = Debug|Any CPU
		{BE524526-1B65-A811-FA03-103EF66D958C}.Debug|Any CPU.Build.0 = Debug|Any CPU
		{BE524526-1B65-A811-FA03-103EF66D958C}.Release|Any CPU.ActiveCfg = Release|Any CPU
		{BE524526-1B65-A811-FA03-103EF66D958C}.Release|Any CPU.Build.0 = Release|Any CPU
		{FABE318F-BA5F-45D6-AAB6-131C4238C682}.Debug|Any CPU.ActiveCfg = Debug|Any CPU
		{FABE318F-BA5F-45D6-AAB6-131C4238C682}.Debug|Any CPU.Build.0 = Debug|Any CPU
		{FABE318F-BA5F-45D6-AAB6-131C4238C682}.Release|Any CPU.ActiveCfg = Release|Any CPU
		{FABE318F-BA5F-45D6-AAB6-131C4238C682}.Release|Any CPU.Build.0 = Release|Any CPU
	EndGlobalSection
	GlobalSection(SolutionProperties) = preSolution
		HideSolutionNode = FALSE
	EndGlobalSection
	GlobalSection(ExtensibilityGlobals) = postSolution
		SolutionGuid = {D6BE3890-C919-4EFD-A65F-823C20C584A2}
	EndGlobalSection
EndGlobal
